
Microsoft Visual Studio Solution File, Format Version 12.00
# Visual Studio 2015
Project("{FAE04EC0-301F-11D3-BF4B-00C04F79EFBC}") = "Diamond Digger.CSharp", "Diamond Digger.CSharp.csproj", "{8E4D3D85-6067-45F9-C281-F2504867F2EE}"
EndProject
Project("{FAE04EC0-301F-11D3-BF4B-00C04F79EFBC}") = "Diamond Digger.CSharp.Editor", "Diamond Digger.CSharp.Editor.csproj", "{92B91A0E-C355-F32B-FA62-F10E1CF0EE60}"
EndProject
Global
	GlobalSection(SolutionConfigurationPlatforms) = preSolution
		Debug|Any CPU = Debug|Any CPU
		Release|Any CPU = Release|Any CPU
	EndGlobalSection
	GlobalSection(ProjectConfigurationPlatforms) = postSolution
		{8E4D3D85-6067-45F9-C281-F2504867F2EE}.Debug|Any CPU.ActiveCfg = Debug|Any CPU
		{8E4D3D85-6067-45F9-C281-F2504867F2EE}.Debug|Any CPU.Build.0 = Debug|Any CPU
		{8E4D3D85-6067-45F9-C281-F2504867F2EE}.Release|Any CPU.ActiveCfg = Release|Any CPU
		{8E4D3D85-6067-45F9-C281-F2504867F2EE}.Release|Any CPU.Build.0 = Release|Any CPU
		{92B91A0E-C355-F32B-FA62-F10E1CF0EE60}.Debug|Any CPU.ActiveCfg = Debug|Any CPU
		{92B91A0E-C355-F32B-FA62-F10E1CF0EE60}.Debug|Any CPU.Build.0 = Debug|Any CPU
		{92B91A0E-C355-F32B-FA62-F10E1CF0EE60}.Release|Any CPU.ActiveCfg = Release|Any CPU
		{92B91A0E-C355-F32B-FA62-F10E1CF0EE60}.Release|Any CPU.Build.0 = Release|Any CPU
	EndGlobalSection
	GlobalSection(SolutionProperties) = preSolution
		HideSolutionNode = FALSE
	EndGlobalSection
EndGlobal
